<?xml version="1.0" encoding="UTF-8"?>
<Scheme LastUpgradeVersion = "2700" version = "1.7">
   <TestAction buildConfiguration = "Debug" selectedDebuggerIdentifier = "" selectedLauncherIdentifier = "Xcode.IDEFoundation.Launcher.PosixSpawn" shouldUseLaunchSchemeArgsEnv = "YES">
      <Testables>
         <TestableReference skipped = "NO">
            <BuildableReference BuildableIdentifier = "primary" BlueprintIdentifier = "6EEB9E45306F94C000B86D57" BuildableName = "ExampleUITests.xctest" BlueprintName = "ExampleUITests" ReferencedContainer = "container:Runner.xcodeproj">
            </BuildableReference>
         </TestableReference>
      </Testables>
   </TestAction>
</Scheme>
